
Microsoft Visual Studio Solution File, Format Version 12.00
# Visual Studio 15
VisualStudioVersion = 15.0.27004.2006
MinimumVisualStudioVersion = 10.0.40219.1
Project("{00D1A9C2-B5F0-4AF3-8072-F6C62B433612}") = "ListaTarefas", "ListaTarefas\ListaTarefas.sqlproj", "{F9239174-F8A4-4961-826A-A2F7F2AEEA58}"
EndProject
Global
	GlobalSection(SolutionConfigurationPlatforms) = preSolution
		Debug|Any CPU = Debug|Any CPU
		Release|Any CPU = Release|Any CPU
	EndGlobalSection
	GlobalSection(ProjectConfigurationPlatforms) = postSolution
		{F9239174-F8A4-4961-826A-A2F7F2AEEA58}.Debug|Any CPU.ActiveCfg = Debug|Any CPU
		{F9239174-F8A4-4961-826A-A2F7F2AEEA58}.Debug|Any CPU.Build.0 = Debug|Any CPU
		{F9239174-F8A4-4961-826A-A2F7F2AEEA58}.Debug|Any CPU.Deploy.0 = Debug|Any CPU
		{F9239174-F8A4-4961-826A-A2F7F2AEEA58}.Release|Any CPU.ActiveCfg = Release|Any CPU
		{F9239174-F8A4-4961-826A-A2F7F2AEEA58}.Release|Any CPU.Build.0 = Release|Any CPU
		{F9239174-F8A4-4961-826A-A2F7F2AEEA58}.Release|Any CPU.Deploy.0 = Release|Any CPU
	EndGlobalSection
	GlobalSection(SolutionProperties) = preSolution
		HideSolutionNode = FALSE
	EndGlobalSection
	GlobalSection(ExtensibilityGlobals) = postSolution
		SolutionGuid = {0A9C807E-48A7-4C19-8876-E7333F74C5BE}
	EndGlobalSection
EndGlobal
